
Microsoft Visual Studio Solution File, Format Version 12.00
# Visual Studio Version 17
VisualStudioVersion = 17.6.33829.357
MinimumVisualStudioVersion = 10.0.40219.1
Project("{9A19103F-16F7-4668-BE54-9A1E7A4F7556}") = "EcommerceWebApp", "EcommerceWebApp\EcommerceWebApp.csproj", "{13EDC2DA-C948-4AB1-8E80-5637996577E7}"
EndProject
Project("{9A19103F-16F7-4668-BE54-9A1E7A4F7556}") = "DB", "DB\DB.csproj", "{9D83EE2A-B802-46A8-B63D-DF859AAF7435}"
EndProject
Project("{9A19103F-16F7-4668-BE54-9A1E7A4F7556}") = "Models", "Models\Models.csproj", "{77932FCF-B915-48D4-8B35-EF81A75125D5}"
EndProject
Project("{FAE04EC0-301F-11D3-BF4B-00C04F79EFBC}") = "Utilities", "Utilities\Utilities.csproj", "{01B73887-DB76-4B2B-A0F7-456DB412566D}"
EndProject
Global
	GlobalSection(SolutionConfigurationPlatforms) = preSolution
		Debug|Any CPU = Debug|Any CPU
		Release|Any CPU = Release|Any CPU
	EndGlobalSection
	GlobalSection(ProjectConfigurationPlatforms) = postSolution
		{13EDC2DA-C948-4AB1-8E80-5637996577E7}.Debug|Any CPU.ActiveCfg = Debug|Any CPU
		{13EDC2DA-C948-4AB1-8E80-5637996577E7}.Debug|Any CPU.Build.0 = Debug|Any CPU
		{13EDC2DA-C948-4AB1-8E80-5637996577E7}.Release|Any CPU.ActiveCfg = Release|Any CPU
		{13EDC2DA-C948-4AB1-8E80-5637996577E7}.Release|Any CPU.Build.0 = Release|Any CPU
		{9D83EE2A-B802-46A8-B63D-DF859AAF7435}.Debug|Any CPU.ActiveCfg = Debug|Any CPU
		{9D83EE2A-B802-46A8-B63D-DF859AAF7435}.Debug|Any CPU.Build.0 = Debug|Any CPU
		{9D83EE2A-B802-46A8-B63D-DF859AAF7435}.Release|Any CPU.ActiveCfg = Release|Any CPU
		{9D83EE2A-B802-46A8-B63D-DF859AAF7435}.Release|Any CPU.Build.0 = Release|Any CPU
		{77932FCF-B915-48D4-8B35-EF81A75125D5}.Debug|Any CPU.ActiveCfg = Debug|Any CPU
		{77932FCF-B915-48D4-8B35-EF81A75125D5}.Debug|Any CPU.Build.0 = Debug|Any CPU
		{77932FCF-B915-48D4-8B35-EF81A75125D5}.Release|Any CPU.ActiveCfg = Release|Any CPU
		{77932FCF-B915-48D4-8B35-EF81A75125D5}.Release|Any CPU.Build.0 = Release|Any CPU
		{01B73887-DB76-4B2B-A0F7-456DB412566D}.Debug|Any CPU.ActiveCfg = Debug|Any CPU
		{01B73887-DB76-4B2B-A0F7-456DB412566D}.Debug|Any CPU.Build.0 = Debug|Any CPU
		{01B73887-DB76-4B2B-A0F7-456DB412566D}.Release|Any CPU.ActiveCfg = Release|Any CPU
		{01B73887-DB76-4B2B-A0F7-456DB412566D}.Release|Any CPU.Build.0 = Release|Any CPU
	EndGlobalSection
	GlobalSection(SolutionProperties) = preSolution
		HideSolutionNode = FALSE
	EndGlobalSection
	GlobalSection(ExtensibilityGlobals) = postSolution
		SolutionGuid = {84AADCA3-DE65-49DC-B0FF-E5E88BCE644D}
	EndGlobalSection
EndGlobal
